
Microsoft Visual Studio Solution File, Format Version 12.00
# Visual Studio Version 17
VisualStudioVersion = 17.5.002.0
MinimumVisualStudioVersion = 10.0.40219.1
Project("{2150E333-8FDC-42A3-9474-1A3956D46DE8}") = "myDotnetFunction", "myDotnetFunction", "{0A8E8FB0-A790-433B-8B8B-70150F5FDAEA}"
EndProject
Project("{2150E333-8FDC-42A3-9474-1A3956D46DE8}") = "src", "src", "{FE27BC74-6B90-4D1D-86DA-27E45F6EEB4C}"
EndProject
Project("{9A19103F-16F7-4668-BE54-9A1E7A4F7556}") = "myDotnetFunction", "myDotnetFunction\src\myDotnetFunction\myDotnetFunction.csproj", "{378BC121-5031-4BF4-91E3-70E291911CAF}"
EndProject
Project("{2150E333-8FDC-42A3-9474-1A3956D46DE8}") = "test", "test", "{FBCD272B-7B00-407B-A7A2-02D2AE99E4E7}"
EndProject
Project("{9A19103F-16F7-4668-BE54-9A1E7A4F7556}") = "myDotnetFunction.Tests", "myDotnetFunction\test\myDotnetFunction.Tests\myDotnetFunction.Tests.csproj", "{982C2B6E-4049-408E-96CD-64197750D175}"
EndProject
Global
	GlobalSection(SolutionConfigurationPlatforms) = preSolution
		Debug|Any CPU = Debug|Any CPU
		Release|Any CPU = Release|Any CPU
	EndGlobalSection
	GlobalSection(ProjectConfigurationPlatforms) = postSolution
		{378BC121-5031-4BF4-91E3-70E291911CAF}.Debug|Any CPU.ActiveCfg = Debug|Any CPU
		{378BC121-5031-4BF4-91E3-70E291911CAF}.Debug|Any CPU.Build.0 = Debug|Any CPU
		{378BC121-5031-4BF4-91E3-70E291911CAF}.Release|Any CPU.ActiveCfg = Release|Any CPU
		{378BC121-5031-4BF4-91E3-70E291911CAF}.Release|Any CPU.Build.0 = Release|Any CPU
		{982C2B6E-4049-408E-96CD-64197750D175}.Debug|Any CPU.ActiveCfg = Debug|Any CPU
		{982C2B6E-4049-408E-96CD-64197750D175}.Debug|Any CPU.Build.0 = Debug|Any CPU
		{982C2B6E-4049-408E-96CD-64197750D175}.Release|Any CPU.ActiveCfg = Release|Any CPU
		{982C2B6E-4049-408E-96CD-64197750D175}.Release|Any CPU.Build.0 = Release|Any CPU
	EndGlobalSection
	GlobalSection(SolutionProperties) = preSolution
		HideSolutionNode = FALSE
	EndGlobalSection
	GlobalSection(NestedProjects) = preSolution
		{FE27BC74-6B90-4D1D-86DA-27E45F6EEB4C} = {0A8E8FB0-A790-433B-8B8B-70150F5FDAEA}
		{378BC121-5031-4BF4-91E3-70E291911CAF} = {FE27BC74-6B90-4D1D-86DA-27E45F6EEB4C}
		{FBCD272B-7B00-407B-A7A2-02D2AE99E4E7} = {0A8E8FB0-A790-433B-8B8B-70150F5FDAEA}
		{982C2B6E-4049-408E-96CD-64197750D175} = {FBCD272B-7B00-407B-A7A2-02D2AE99E4E7}
	EndGlobalSection
	GlobalSection(ExtensibilityGlobals) = postSolution
		SolutionGuid = {40FEEABA-06ED-411F-943A-11C813871405}
	EndGlobalSection
EndGlobal
